
Microsoft Visual Studio Solution File, Format Version 12.00
# Visual Studio Version 17
VisualStudioVersion = 17.4.33603.86
MinimumVisualStudioVersion = 10.0.40219.1
Project("{2150E333-8FDC-42A3-9474-1A3956D46DE8}") = "Pub-Sub", "Pub-Sub", "{4A1512D9-1E32-48FC-A474-FDA3ADE2793F}"
EndProject
Project("{9A19103F-16F7-4668-BE54-9A1E7A4F7556}") = "ProducerApp", "ProducerApp\ProducerApp.csproj", "{FA617F8E-24C7-45B7-B28F-8120DE971B16}"
EndProject
Project("{9A19103F-16F7-4668-BE54-9A1E7A4F7556}") = "FirstConsumerApp", "FirstConsumerApp\FirstConsumerApp.csproj", "{A3C9B901-A685-4F1A-B4ED-14DE98C52B6D}"
EndProject
Project("{9A19103F-16F7-4668-BE54-9A1E7A4F7556}") = "SecondConsumerApp", "SecondConsumer\SecondConsumerApp.csproj", "{97A20B35-23D9-4B36-9CE3-38AFD85F6174}"
EndProject
Project("{2150E333-8FDC-42A3-9474-1A3956D46DE8}") = "Routing", "Routing", "{46D02AC5-92C4-44E2-B982-DB48D46B3D84}"
EndProject
Project("{9A19103F-16F7-4668-BE54-9A1E7A4F7556}") = "AnalyticsConsumer", "AnalyticsConsumer\AnalyticsConsumer.csproj", "{3676BF28-A495-448A-BD8E-E2476B1508EE}"
EndProject
Project("{9A19103F-16F7-4668-BE54-9A1E7A4F7556}") = "PaymentsConsumer", "PaymentsConsumer\PaymentsConsumer.csproj", "{860CAACD-FD2D-4694-965D-FC3A0352EAD8}"
EndProject
Project("{9A19103F-16F7-4668-BE54-9A1E7A4F7556}") = "Producer", "Producer\Producer.csproj", "{0EEF4784-798F-42E3-8FF2-4AE1F4FE6B71}"
EndProject
Project("{2150E333-8FDC-42A3-9474-1A3956D46DE8}") = "Topic", "Topic", "{5E5800D5-FD0D-4B95-A232-3C5D56F89423}"
EndProject
Project("{9A19103F-16F7-4668-BE54-9A1E7A4F7556}") = "TopicConsumer1", "TopicConsumer1\TopicConsumer1.csproj", "{72EED28D-5829-4C39-9276-69F2079760FC}"
EndProject
Project("{9A19103F-16F7-4668-BE54-9A1E7A4F7556}") = "TopicConsumer2", "TopicConsumer2\TopicConsumer2.csproj", "{13D8F62F-6BB1-4726-9E7A-880958341677}"
EndProject
Project("{9A19103F-16F7-4668-BE54-9A1E7A4F7556}") = "TopicProducer", "TopicProducer\TopicProducer.csproj", "{157BB58B-15F5-4C90-96EE-B5ECD028487F}"
EndProject
Project("{2150E333-8FDC-42A3-9474-1A3956D46DE8}") = "Request-Reply", "Request-Reply", "{1C3740F0-91B7-4469-BBBC-31E59B989324}"
EndProject
Project("{FAE04EC0-301F-11D3-BF4B-00C04F79EFBC}") = "Reply_Server", "Reply_Server\Reply_Server.csproj", "{F554151E-6C39-4FBB-B5D9-70C63A989AF1}"
EndProject
Project("{FAE04EC0-301F-11D3-BF4B-00C04F79EFBC}") = "Request_Client", "Request_Client\Request_Client.csproj", "{54A127E7-B836-489C-BBEA-E68590487B52}"
EndProject
Global
	GlobalSection(SolutionConfigurationPlatforms) = preSolution
		Debug|Any CPU = Debug|Any CPU
		Release|Any CPU = Release|Any CPU
	EndGlobalSection
	GlobalSection(ProjectConfigurationPlatforms) = postSolution
		{FA617F8E-24C7-45B7-B28F-8120DE971B16}.Debug|Any CPU.ActiveCfg = Debug|Any CPU
		{FA617F8E-24C7-45B7-B28F-8120DE971B16}.Debug|Any CPU.Build.0 = Debug|Any CPU
		{FA617F8E-24C7-45B7-B28F-8120DE971B16}.Release|Any CPU.ActiveCfg = Release|Any CPU
		{FA617F8E-24C7-45B7-B28F-8120DE971B16}.Release|Any CPU.Build.0 = Release|Any CPU
		{A3C9B901-A685-4F1A-B4ED-14DE98C52B6D}.Debug|Any CPU.ActiveCfg = Debug|Any CPU
		{A3C9B901-A685-4F1A-B4ED-14DE98C52B6D}.Debug|Any CPU.Build.0 = Debug|Any CPU
		{A3C9B901-A685-4F1A-B4ED-14DE98C52B6D}.Release|Any CPU.ActiveCfg = Release|Any CPU
		{A3C9B901-A685-4F1A-B4ED-14DE98C52B6D}.Release|Any CPU.Build.0 = Release|Any CPU
		{97A20B35-23D9-4B36-9CE3-38AFD85F6174}.Debug|Any CPU.ActiveCfg = Debug|Any CPU
		{97A20B35-23D9-4B36-9CE3-38AFD85F6174}.Debug|Any CPU.Build.0 = Debug|Any CPU
		{97A20B35-23D9-4B36-9CE3-38AFD85F6174}.Release|Any CPU.ActiveCfg = Release|Any CPU
		{97A20B35-23D9-4B36-9CE3-38AFD85F6174}.Release|Any CPU.Build.0 = Release|Any CPU
		{3676BF28-A495-448A-BD8E-E2476B1508EE}.Debug|Any CPU.ActiveCfg = Debug|Any CPU
		{3676BF28-A495-448A-BD8E-E2476B1508EE}.Debug|Any CPU.Build.0 = Debug|Any CPU
		{3676BF28-A495-448A-BD8E-E2476B1508EE}.Release|Any CPU.ActiveCfg = Release|Any CPU
		{3676BF28-A495-448A-BD8E-E2476B1508EE}.Release|Any CPU.Build.0 = Release|Any CPU
		{860CAACD-FD2D-4694-965D-FC3A0352EAD8}.Debug|Any CPU.ActiveCfg = Debug|Any CPU
		{860CAACD-FD2D-4694-965D-FC3A0352EAD8}.Debug|Any CPU.Build.0 = Debug|Any CPU
		{860CAACD-FD2D-4694-965D-FC3A0352EAD8}.Release|Any CPU.ActiveCfg = Release|Any CPU
		{860CAACD-FD2D-4694-965D-FC3A0352EAD8}.Release|Any CPU.Build.0 = Release|Any CPU
		{0EEF4784-798F-42E3-8FF2-4AE1F4FE6B71}.Debug|Any CPU.ActiveCfg = Debug|Any CPU
		{0EEF4784-798F-42E3-8FF2-4AE1F4FE6B71}.Debug|Any CPU.Build.0 = Debug|Any CPU
		{0EEF4784-798F-42E3-8FF2-4AE1F4FE6B71}.Release|Any CPU.ActiveCfg = Release|Any CPU
		{0EEF4784-798F-42E3-8FF2-4AE1F4FE6B71}.Release|Any CPU.Build.0 = Release|Any CPU
		{72EED28D-5829-4C39-9276-69F2079760FC}.Debug|Any CPU.ActiveCfg = Debug|Any CPU
		{72EED28D-5829-4C39-9276-69F2079760FC}.Debug|Any CPU.Build.0 = Debug|Any CPU
		{72EED28D-5829-4C39-9276-69F2079760FC}.Release|Any CPU.ActiveCfg = Release|Any CPU
		{72EED28D-5829-4C39-9276-69F2079760FC}.Release|Any CPU.Build.0 = Release|Any CPU
		{13D8F62F-6BB1-4726-9E7A-880958341677}.Debug|Any CPU.ActiveCfg = Debug|Any CPU
		{13D8F62F-6BB1-4726-9E7A-880958341677}.Debug|Any CPU.Build.0 = Debug|Any CPU
		{13D8F62F-6BB1-4726-9E7A-880958341677}.Release|Any CPU.ActiveCfg = Release|Any CPU
		{13D8F62F-6BB1-4726-9E7A-880958341677}.Release|Any CPU.Build.0 = Release|Any CPU
		{157BB58B-15F5-4C90-96EE-B5ECD028487F}.Debug|Any CPU.ActiveCfg = Debug|Any CPU
		{157BB58B-15F5-4C90-96EE-B5ECD028487F}.Debug|Any CPU.Build.0 = Debug|Any CPU
		{157BB58B-15F5-4C90-96EE-B5ECD028487F}.Release|Any CPU.ActiveCfg = Release|Any CPU
		{157BB58B-15F5-4C90-96EE-B5ECD028487F}.Release|Any CPU.Build.0 = Release|Any CPU
		{F554151E-6C39-4FBB-B5D9-70C63A989AF1}.Debug|Any CPU.ActiveCfg = Debug|Any CPU
		{F554151E-6C39-4FBB-B5D9-70C63A989AF1}.Debug|Any CPU.Build.0 = Debug|Any CPU
		{F554151E-6C39-4FBB-B5D9-70C63A989AF1}.Release|Any CPU.ActiveCfg = Release|Any CPU
		{F554151E-6C39-4FBB-B5D9-70C63A989AF1}.Release|Any CPU.Build.0 = Release|Any CPU
		{54A127E7-B836-489C-BBEA-E68590487B52}.Debug|Any CPU.ActiveCfg = Debug|Any CPU
		{54A127E7-B836-489C-BBEA-E68590487B52}.Debug|Any CPU.Build.0 = Debug|Any CPU
		{54A127E7-B836-489C-BBEA-E68590487B52}.Release|Any CPU.ActiveCfg = Release|Any CPU
		{54A127E7-B836-489C-BBEA-E68590487B52}.Release|Any CPU.Build.0 = Release|Any CPU
	EndGlobalSection
	GlobalSection(SolutionProperties) = preSolution
		HideSolutionNode = FALSE
	EndGlobalSection
	GlobalSection(NestedProjects) = preSolution
		{FA617F8E-24C7-45B7-B28F-8120DE971B16} = {4A1512D9-1E32-48FC-A474-FDA3ADE2793F}
		{A3C9B901-A685-4F1A-B4ED-14DE98C52B6D} = {4A1512D9-1E32-48FC-A474-FDA3ADE2793F}
		{97A20B35-23D9-4B36-9CE3-38AFD85F6174} = {4A1512D9-1E32-48FC-A474-FDA3ADE2793F}
		{3676BF28-A495-448A-BD8E-E2476B1508EE} = {46D02AC5-92C4-44E2-B982-DB48D46B3D84}
		{860CAACD-FD2D-4694-965D-FC3A0352EAD8} = {46D02AC5-92C4-44E2-B982-DB48D46B3D84}
		{0EEF4784-798F-42E3-8FF2-4AE1F4FE6B71} = {46D02AC5-92C4-44E2-B982-DB48D46B3D84}
		{72EED28D-5829-4C39-9276-69F2079760FC} = {5E5800D5-FD0D-4B95-A232-3C5D56F89423}
		{13D8F62F-6BB1-4726-9E7A-880958341677} = {5E5800D5-FD0D-4B95-A232-3C5D56F89423}
		{157BB58B-15F5-4C90-96EE-B5ECD028487F} = {5E5800D5-FD0D-4B95-A232-3C5D56F89423}
		{F554151E-6C39-4FBB-B5D9-70C63A989AF1} = {1C3740F0-91B7-4469-BBBC-31E59B989324}
		{54A127E7-B836-489C-BBEA-E68590487B52} = {1C3740F0-91B7-4469-BBBC-31E59B989324}
	EndGlobalSection
	GlobalSection(ExtensibilityGlobals) = postSolution
		SolutionGuid = {6489CA03-2422-4EE6-9798-51CD68A57364}
	EndGlobalSection
EndGlobal
